
Microsoft Visual Studio Solution File, Format Version 12.00
# Visual Studio 15
VisualStudioVersion = 15.0.28307.438
MinimumVisualStudioVersion = 10.0.40219.1
Project("{FAE04EC0-301F-11D3-BF4B-00C04F79EFBC}") = "WebApplication4", "WebApplication4\WebApplication4.csproj", "{6A771C9B-7C1E-45D0-B5F7-2320E620C743}"
EndProject
Global
	GlobalSection(SolutionConfigurationPlatforms) = preSolution
		Debug|Any CPU = Debug|Any CPU
		Release|Any CPU = Release|Any CPU
	EndGlobalSection
	GlobalSection(ProjectConfigurationPlatforms) = postSolution
		{6A771C9B-7C1E-45D0-B5F7-2320E620C743}.Debug|Any CPU.ActiveCfg = Debug|Any CPU
		{6A771C9B-7C1E-45D0-B5F7-2320E620C743}.Debug|Any CPU.Build.0 = Debug|Any CPU
		{6A771C9B-7C1E-45D0-B5F7-2320E620C743}.Release|Any CPU.ActiveCfg = Release|Any CPU
		{6A771C9B-7C1E-45D0-B5F7-2320E620C743}.Release|Any CPU.Build.0 = Release|Any CPU
	EndGlobalSection
	GlobalSection(SolutionProperties) = preSolution
		HideSolutionNode = FALSE
	EndGlobalSection
	GlobalSection(ExtensibilityGlobals) = postSolution
		SolutionGuid = {9A6D0E18-FDCB-46C5-906E-DEE5BD52E624}
	EndGlobalSection
EndGlobal
