
Microsoft Visual Studio Solution File, Format Version 12.00
# Visual Studio 15
VisualStudioVersion = 15.0.28307.438
MinimumVisualStudioVersion = 10.0.40219.1
Project("{FAE04EC0-301F-11D3-BF4B-00C04F79EFBC}") = "WebApplication1", "WebApplication1\WebApplication1.csproj", "{18948032-D66B-4E99-BC0B-09351F8F437F}"
EndProject
Global
	GlobalSection(SolutionConfigurationPlatforms) = preSolution
		Debug|Any CPU = Debug|Any CPU
		Release|Any CPU = Release|Any CPU
	EndGlobalSection
	GlobalSection(ProjectConfigurationPlatforms) = postSolution
		{18948032-D66B-4E99-BC0B-09351F8F437F}.Debug|Any CPU.ActiveCfg = Debug|Any CPU
		{18948032-D66B-4E99-BC0B-09351F8F437F}.Debug|Any CPU.Build.0 = Debug|Any CPU
		{18948032-D66B-4E99-BC0B-09351F8F437F}.Release|Any CPU.ActiveCfg = Release|Any CPU
		{18948032-D66B-4E99-BC0B-09351F8F437F}.Release|Any CPU.Build.0 = Release|Any CPU
	EndGlobalSection
	GlobalSection(SolutionProperties) = preSolution
		HideSolutionNode = FALSE
	EndGlobalSection
	GlobalSection(ExtensibilityGlobals) = postSolution
		SolutionGuid = {E70EF3EC-EF97-4B74-9473-D2341CD0C8D8}
	EndGlobalSection
EndGlobal
